
Microsoft Visual Studio Solution File, Format Version 12.00
# Visual Studio Version 17
VisualStudioVersion = 17.13.35825.156
MinimumVisualStudioVersion = 10.0.40219.1
Project("{8BC9CEB8-8B4A-11D0-8D11-00A0C91BC942}") = "DirectX3D11_Study", "DirectX3D11_Study\DirectX3D11_Study.vcxproj", "{45D0E248-E8DB-4DA5-88FF-8AFB186274A3}"
EndProject
Project("{8BC9CEB8-8B4A-11D0-8D11-00A0C91BC942}") = "WinBase", "WinBase\WinBase.vcxproj", "{3A8B95D7-7011-4C23-82CF-2E9BC80A207A}"
EndProject
Project("{8BC9CEB8-8B4A-11D0-8D11-00A0C91BC942}") = "1_SquareDrawing", "1_SquareDrawing\1_SquareDrawing.vcxproj", "{37725AF2-F642-4A9D-BE7D-034CFEB17E80}"
EndProject
Project("{8BC9CEB8-8B4A-11D0-8D11-00A0C91BC942}") = "2_CubeDrawing", "2_CubeDrawing\2_CubeDrawing.vcxproj", "{A86913C0-7C83-4159-B939-6ECD094D3588}"
EndProject
Project("{8BC9CEB8-8B4A-11D0-8D11-00A0C91BC942}") = "D3DBase", "D3DBase\D3DBase.vcxproj", "{0B4DEC3A-2373-4C07-B7A4-CEAF37A0750E}"
EndProject
Project("{8BC9CEB8-8B4A-11D0-8D11-00A0C91BC942}") = "3_DirectionalLight", "3_LambertLighting\3_LambertLighting.vcxproj", "{F52C35A0-F908-4F92-A772-E6ADE1DDBDA5}"
EndProject
Project("{8BC9CEB8-8B4A-11D0-8D11-00A0C91BC942}") = "4_TextureMapping", "4_TextureMapping\4_TextureMapping.vcxproj", "{F7E5FA37-7B9B-4657-8B6D-5E1AFDB47CF1}"
EndProject
Global
	GlobalSection(SolutionConfigurationPlatforms) = preSolution
		Debug|x64 = Debug|x64
		Debug|x86 = Debug|x86
		Release|x64 = Release|x64
		Release|x86 = Release|x86
	EndGlobalSection
	GlobalSection(ProjectConfigurationPlatforms) = postSolution
		{45D0E248-E8DB-4DA5-88FF-8AFB186274A3}.Debug|x64.ActiveCfg = Debug|x64
		{45D0E248-E8DB-4DA5-88FF-8AFB186274A3}.Debug|x64.Build.0 = Debug|x64
		{45D0E248-E8DB-4DA5-88FF-8AFB186274A3}.Debug|x86.ActiveCfg = Debug|Win32
		{45D0E248-E8DB-4DA5-88FF-8AFB186274A3}.Debug|x86.Build.0 = Debug|Win32
		{45D0E248-E8DB-4DA5-88FF-8AFB186274A3}.Release|x64.ActiveCfg = Release|x64
		{45D0E248-E8DB-4DA5-88FF-8AFB186274A3}.Release|x64.Build.0 = Release|x64
		{45D0E248-E8DB-4DA5-88FF-8AFB186274A3}.Release|x86.ActiveCfg = Release|Win32
		{45D0E248-E8DB-4DA5-88FF-8AFB186274A3}.Release|x86.Build.0 = Release|Win32
		{3A8B95D7-7011-4C23-82CF-2E9BC80A207A}.Debug|x64.ActiveCfg = Debug|x64
		{3A8B95D7-7011-4C23-82CF-2E9BC80A207A}.Debug|x64.Build.0 = Debug|x64
		{3A8B95D7-7011-4C23-82CF-2E9BC80A207A}.Debug|x86.ActiveCfg = Debug|Win32
		{3A8B95D7-7011-4C23-82CF-2E9BC80A207A}.Debug|x86.Build.0 = Debug|Win32
		{3A8B95D7-7011-4C23-82CF-2E9BC80A207A}.Release|x64.ActiveCfg = Release|x64
		{3A8B95D7-7011-4C23-82CF-2E9BC80A207A}.Release|x64.Build.0 = Release|x64
		{3A8B95D7-7011-4C23-82CF-2E9BC80A207A}.Release|x86.ActiveCfg = Release|Win32
		{3A8B95D7-7011-4C23-82CF-2E9BC80A207A}.Release|x86.Build.0 = Release|Win32
		{37725AF2-F642-4A9D-BE7D-034CFEB17E80}.Debug|x64.ActiveCfg = Debug|x64
		{37725AF2-F642-4A9D-BE7D-034CFEB17E80}.Debug|x64.Build.0 = Debug|x64
		{37725AF2-F642-4A9D-BE7D-034CFEB17E80}.Debug|x86.ActiveCfg = Debug|Win32
		{37725AF2-F642-4A9D-BE7D-034CFEB17E80}.Debug|x86.Build.0 = Debug|Win32
		{37725AF2-F642-4A9D-BE7D-034CFEB17E80}.Release|x64.ActiveCfg = Release|x64
		{37725AF2-F642-4A9D-BE7D-034CFEB17E80}.Release|x64.Build.0 = Release|x64
		{37725AF2-F642-4A9D-BE7D-034CFEB17E80}.Release|x86.ActiveCfg = Release|Win32
		{37725AF2-F642-4A9D-BE7D-034CFEB17E80}.Release|x86.Build.0 = Release|Win32
		{A86913C0-7C83-4159-B939-6ECD094D3588}.Debug|x64.ActiveCfg = Debug|x64
		{A86913C0-7C83-4159-B939-6ECD094D3588}.Debug|x64.Build.0 = Debug|x64
		{A86913C0-7C83-4159-B939-6ECD094D3588}.Debug|x86.ActiveCfg = Debug|Win32
		{A86913C0-7C83-4159-B939-6ECD094D3588}.Debug|x86.Build.0 = Debug|Win32
		{A86913C0-7C83-4159-B939-6ECD094D3588}.Release|x64.ActiveCfg = Release|x64
		{A86913C0-7C83-4159-B939-6ECD094D3588}.Release|x64.Build.0 = Release|x64
		{A86913C0-7C83-4159-B939-6ECD094D3588}.Release|x86.ActiveCfg = Release|Win32
		{A86913C0-7C83-4159-B939-6ECD094D3588}.Release|x86.Build.0 = Release|Win32
		{0B4DEC3A-2373-4C07-B7A4-CEAF37A0750E}.Debug|x64.ActiveCfg = Debug|x64
		{0B4DEC3A-2373-4C07-B7A4-CEAF37A0750E}.Debug|x64.Build.0 = Debug|x64
		{0B4DEC3A-2373-4C07-B7A4-CEAF37A0750E}.Debug|x86.ActiveCfg = Debug|Win32
		{0B4DEC3A-2373-4C07-B7A4-CEAF37A0750E}.Debug|x86.Build.0 = Debug|Win32
		{0B4DEC3A-2373-4C07-B7A4-CEAF37A0750E}.Release|x64.ActiveCfg = Release|x64
		{0B4DEC3A-2373-4C07-B7A4-CEAF37A0750E}.Release|x64.Build.0 = Release|x64
		{0B4DEC3A-2373-4C07-B7A4-CEAF37A0750E}.Release|x86.ActiveCfg = Release|Win32
		{0B4DEC3A-2373-4C07-B7A4-CEAF37A0750E}.Release|x86.Build.0 = Release|Win32
		{F52C35A0-F908-4F92-A772-E6ADE1DDBDA5}.Debug|x64.ActiveCfg = Debug|x64
		{F52C35A0-F908-4F92-A772-E6ADE1DDBDA5}.Debug|x64.Build.0 = Debug|x64
		{F52C35A0-F908-4F92-A772-E6ADE1DDBDA5}.Debug|x86.ActiveCfg = Debug|Win32
		{F52C35A0-F908-4F92-A772-E6ADE1DDBDA5}.Debug|x86.Build.0 = Debug|Win32
		{F52C35A0-F908-4F92-A772-E6ADE1DDBDA5}.Release|x64.ActiveCfg = Release|x64
		{F52C35A0-F908-4F92-A772-E6ADE1DDBDA5}.Release|x64.Build.0 = Release|x64
		{F52C35A0-F908-4F92-A772-E6ADE1DDBDA5}.Release|x86.ActiveCfg = Release|Win32
		{F52C35A0-F908-4F92-A772-E6ADE1DDBDA5}.Release|x86.Build.0 = Release|Win32
		{F7E5FA37-7B9B-4657-8B6D-5E1AFDB47CF1}.Debug|x64.ActiveCfg = Debug|x64
		{F7E5FA37-7B9B-4657-8B6D-5E1AFDB47CF1}.Debug|x64.Build.0 = Debug|x64
		{F7E5FA37-7B9B-4657-8B6D-5E1AFDB47CF1}.Debug|x86.ActiveCfg = Debug|Win32
		{F7E5FA37-7B9B-4657-8B6D-5E1AFDB47CF1}.Debug|x86.Build.0 = Debug|Win32
		{F7E5FA37-7B9B-4657-8B6D-5E1AFDB47CF1}.Release|x64.ActiveCfg = Release|x64
		{F7E5FA37-7B9B-4657-8B6D-5E1AFDB47CF1}.Release|x64.Build.0 = Release|x64
		{F7E5FA37-7B9B-4657-8B6D-5E1AFDB47CF1}.Release|x86.ActiveCfg = Release|Win32
		{F7E5FA37-7B9B-4657-8B6D-5E1AFDB47CF1}.Release|x86.Build.0 = Release|Win32
	EndGlobalSection
	GlobalSection(SolutionProperties) = preSolution
		HideSolutionNode = FALSE
	EndGlobalSection
	GlobalSection(ExtensibilityGlobals) = postSolution
		SolutionGuid = {2E886154-868F-4568-B4C0-E533B8E7B261}
	EndGlobalSection
EndGlobal
