<?xml version="1.0" encoding="utf-8"?>
<Project ToolsVersion="4.0" xmlns="http://schemas.microsoft.com/developer/msbuild/2003">
  <ItemGroup>
    <Filter Include="소스 파일">
      <UniqueIdentifier>{4FC737F1-C7A5-4376-A066-2A32D752A2FF}</UniqueIdentifier>
      <Extensions>cpp;c;cc;cxx;c++;cppm;ixx;def;odl;idl;hpj;bat;asm;asmx</Extensions>
    </Filter>
    <Filter Include="헤더 파일">
      <UniqueIdentifier>{93995380-89BD-4b04-88EB-625FBE52EBFB}</UniqueIdentifier>
      <Extensions>h;hh;hpp;hxx;h++;hm;inl;inc;ipp;xsd</Extensions>
    </Filter>
    <Filter Include="리소스 파일">
      <UniqueIdentifier>{67DA6AB6-F800-4c08-8B7A-83BB121AAD01}</UniqueIdentifier>
      <Extensions>rc;ico;cur;bmp;dlg;rc2;rct;bin;rgs;gif;jpg;jpeg;jpe;resx;tiff;tif;png;wav;mfcribbon-ms</Extensions>
    </Filter>
    <Filter Include="99. Module">
      <UniqueIdentifier>{f88a6b82-7cb9-46b5-9b30-31bca36e08ed}</UniqueIdentifier>
    </Filter>
    <Filter Include="03. Skeleton">
      <UniqueIdentifier>{f9d34f9f-4ca7-4769-ba04-b25e10c55954}</UniqueIdentifier>
    </Filter>
    <Filter Include="04. Material">
      <UniqueIdentifier>{aca393b4-646c-423a-9e76-5b959d14564a}</UniqueIdentifier>
    </Filter>
    <Filter Include="05. Animation">
      <UniqueIdentifier>{f4646f2b-9f6b-47ae-84e9-012255a4cf8b}</UniqueIdentifier>
    </Filter>
    <Filter Include="98. Shaders">
      <UniqueIdentifier>{b3001ec8-abda-4c8c-81fd-3f888cf00b87}</UniqueIdentifier>
    </Filter>
    <Filter Include="98. Shaders\VertexShader">
      <UniqueIdentifier>{837d2599-fb93-4e3b-b6e1-1c5e363dea21}</UniqueIdentifier>
    </Filter>
    <Filter Include="98. Shaders\PixelShader">
      <UniqueIdentifier>{fcced5c6-e224-4bfc-8bce-318e9af81af6}</UniqueIdentifier>
    </Filter>
    <Filter Include="02. Renderable">
      <UniqueIdentifier>{f1cb7515-c4aa-4ac9-8b1a-f494df7da15a}</UniqueIdentifier>
    </Filter>
    <Filter Include="02. Renderable\Skeletal Model">
      <UniqueIdentifier>{37853e5b-dc6e-43e4-9da1-6017a16cf5bd}</UniqueIdentifier>
    </Filter>
    <Filter Include="02. Renderable\Rigid Model">
      <UniqueIdentifier>{43e79195-24f0-4d25-992e-53212af59d2a}</UniqueIdentifier>
    </Filter>
    <Filter Include="02. Renderable\SkyBox">
      <UniqueIdentifier>{44229881-09b6-497c-b635-10920a56faaa}</UniqueIdentifier>
    </Filter>
    <Filter Include="02. Renderable\Static Model">
      <UniqueIdentifier>{844abf15-9e6c-4cbe-9080-4d0c99ef4cb7}</UniqueIdentifier>
    </Filter>
    <Filter Include="02. Renderable\LightVolumeMesh">
      <UniqueIdentifier>{d7390ccd-3139-4c00-9746-dbc1085498ec}</UniqueIdentifier>
    </Filter>
    <Filter Include="00. D3D">
      <UniqueIdentifier>{60948084-c99e-4706-98f3-340ff3dd05ad}</UniqueIdentifier>
    </Filter>
    <Filter Include="01. Renderer">
      <UniqueIdentifier>{7d2e5fa0-36e9-4bca-8f16-df6c0d89acee}</UniqueIdentifier>
    </Filter>
    <Filter Include="06. Effect">
      <UniqueIdentifier>{081d3c0c-9fee-4c66-b2ae-e1750d263be5}</UniqueIdentifier>
    </Filter>
    <Filter Include="01. Renderer\FrustumRenderer">
      <UniqueIdentifier>{73986040-9bd9-4022-8708-144c7402dea9}</UniqueIdentifier>
    </Filter>
    <Filter Include="01. Renderer\PostProcessRenderer">
      <UniqueIdentifier>{af4277a1-5e5e-45e8-b963-a06ba04c1dd1}</UniqueIdentifier>
    </Filter>
    <Filter Include="01. Renderer\BloomRenderer">
      <UniqueIdentifier>{0f945b84-1dc7-4c7e-b7a5-2c41a1072aa5}</UniqueIdentifier>
    </Filter>
    <Filter Include="01. Renderer\SkyboxRenderer">
      <UniqueIdentifier>{22303202-a255-4368-8734-2f1f8e5ab2b5}</UniqueIdentifier>
    </Filter>
    <Filter Include="01. Renderer\LightRenderer">
      <UniqueIdentifier>{b7eff898-ae09-4977-be98-d764412f7edf}</UniqueIdentifier>
    </Filter>
    <Filter Include="01. Renderer\GeometryRenderer">
      <UniqueIdentifier>{4285f88e-d4ef-47a0-b327-e97e70e4a3bc}</UniqueIdentifier>
    </Filter>
    <Filter Include="01. Renderer\ShadowRenderer">
      <UniqueIdentifier>{9a9f0503-ea73-43b4-b810-78a2b76f0354}</UniqueIdentifier>
    </Filter>
    <Filter Include="07. Light">
      <UniqueIdentifier>{8ee2a1de-f662-4a05-a77f-53157829c2f7}</UniqueIdentifier>
    </Filter>
    <Filter Include="07. Light\Old%28Legucy%29">
      <UniqueIdentifier>{ff955e20-9d2f-4a21-867d-07d68b9a53ba}</UniqueIdentifier>
    </Filter>
    <Filter Include="08. Shadow">
      <UniqueIdentifier>{faeeb225-2ed0-4881-ba3a-edf392a006de}</UniqueIdentifier>
    </Filter>
    <Filter Include="09. Environment">
      <UniqueIdentifier>{507e9b00-caab-4df4-b91d-1ea4df0451d2}</UniqueIdentifier>
    </Filter>
    <Filter Include="10. Camera">
      <UniqueIdentifier>{11c18ae4-18bd-4566-a39a-41a45d6172d1}</UniqueIdentifier>
    </Filter>
    <Filter Include="11. Resource Manager">
      <UniqueIdentifier>{831f3da5-ebe6-40a2-b7b0-f93626ce3d47}</UniqueIdentifier>
    </Filter>
    <Filter Include="11. Resource Manager\AssetManager">
      <UniqueIdentifier>{7a6bd753-f479-45fb-8c86-a974586fc682}</UniqueIdentifier>
    </Filter>
    <Filter Include="11. Resource Manager\ModelLoader">
      <UniqueIdentifier>{693aa5dc-b422-402d-9123-9c682806d4dc}</UniqueIdentifier>
    </Filter>
    <Filter Include="11. Resource Manager\MeshAsset">
      <UniqueIdentifier>{746bad31-e215-44ad-84a2-ab71a17f3d54}</UniqueIdentifier>
    </Filter>
    <Filter Include="12. Debugger">
      <UniqueIdentifier>{a8c86706-2c17-455b-8b79-1ff57f3961a0}</UniqueIdentifier>
    </Filter>
    <Filter Include="12. Debugger\MemoryDebugger">
      <UniqueIdentifier>{88cb7635-fe67-4418-a62f-dadfef4274b2}</UniqueIdentifier>
    </Filter>
    <Filter Include="12. Debugger\DebugDraw">
      <UniqueIdentifier>{c65398b7-7f36-4c83-a57b-5a1fc3ca0578}</UniqueIdentifier>
    </Filter>
    <Filter Include="01. Renderer\ParticleRenderer">
      <UniqueIdentifier>{306e3e23-4106-480f-97de-e6e30a154bd0}</UniqueIdentifier>
    </Filter>
    <Filter Include="02. Renderable\QuadMesh">
      <UniqueIdentifier>{e9ab5ddc-7c43-4046-8bc1-35fbd740c428}</UniqueIdentifier>
    </Filter>
  </ItemGroup>
  <ItemGroup>
    <ClInclude Include="WinApp.h">
      <Filter>헤더 파일</Filter>
    </ClInclude>
    <ClInclude Include="pch.h">
      <Filter>헤더 파일</Filter>
    </ClInclude>
    <ClInclude Include="Camera.h">
      <Filter>10. Camera</Filter>
    </ClInclude>
    <ClInclude Include="Helper.h">
      <Filter>99. Module</Filter>
    </ClInclude>
    <ClInclude Include="Input.h">
      <Filter>99. Module</Filter>
    </ClInclude>
    <ClInclude Include="Time.h">
      <Filter>99. Module</Filter>
    </ClInclude>
    <ClInclude Include="StaticSubMesh.h">
      <Filter>02. Renderable\Static Model</Filter>
    </ClInclude>
    <ClInclude Include="StaticModel.h">
      <Filter>02. Renderable\Static Model</Filter>
    </ClInclude>
    <ClInclude Include="Skeleton.hpp">
      <Filter>03. Skeleton</Filter>
    </ClInclude>
    <ClInclude Include="Material.h">
      <Filter>04. Material</Filter>
    </ClInclude>
    <ClInclude Include="RigidModel.h">
      <Filter>02. Renderable\Rigid Model</Filter>
    </ClInclude>
    <ClInclude Include="RigidSubMesh.h">
      <Filter>02. Renderable\Rigid Model</Filter>
    </ClInclude>
    <ClInclude Include="AnimationClip.h">
      <Filter>05. Animation</Filter>
    </ClInclude>
    <ClInclude Include="SkeletalModel.h">
      <Filter>02. Renderable\Skeletal Model</Filter>
    </ClInclude>
    <ClInclude Include="SkeletalSubMesh.h">
      <Filter>02. Renderable\Skeletal Model</Filter>
    </ClInclude>
    <ClInclude Include="SkyBox.h">
      <Filter>02. Renderable\SkyBox</Filter>
    </ClInclude>
    <ClInclude Include="RigidModelAsset.hpp">
      <Filter>11. Resource Manager\MeshAsset</Filter>
    </ClInclude>
    <ClInclude Include="SkeletalModelAsset.hpp">
      <Filter>11. Resource Manager\MeshAsset</Filter>
    </ClInclude>
    <ClInclude Include="StaticModelAsset.hpp">
      <Filter>11. Resource Manager\MeshAsset</Filter>
    </ClInclude>
    <ClInclude Include="AssetManager.h">
      <Filter>11. Resource Manager\AssetManager</Filter>
    </ClInclude>
    <ClInclude Include="ModelLoader.h">
      <Filter>11. Resource Manager\ModelLoader</Filter>
    </ClInclude>
    <ClInclude Include="MemoryDebugger.h">
      <Filter>12. Debugger\MemoryDebugger</Filter>
    </ClInclude>
    <ClInclude Include="DebugDraw.h">
      <Filter>12. Debugger\DebugDraw</Filter>
    </ClInclude>
    <ClInclude Include="LightVolumeMesh.h">
      <Filter>02. Renderable\LightVolumeMesh</Filter>
    </ClInclude>
    <ClInclude Include="DirectionalShadowCamera.h">
      <Filter>08. Shadow</Filter>
    </ClInclude>
    <ClInclude Include="DirectionalLight.hpp">
      <Filter>07. Light\Old%28Legucy%29</Filter>
    </ClInclude>
    <ClInclude Include="LightRenderer.h">
      <Filter>01. Renderer\LightRenderer</Filter>
    </ClInclude>
    <ClInclude Include="D3D.h">
      <Filter>00. D3D</Filter>
    </ClInclude>
    <ClInclude Include="ShadowRenderer.h">
      <Filter>01. Renderer\ShadowRenderer</Filter>
    </ClInclude>
    <ClInclude Include="GeometryRenderer.h">
      <Filter>01. Renderer\GeometryRenderer</Filter>
    </ClInclude>
    <ClInclude Include="BloomRenderer.h">
      <Filter>01. Renderer\BloomRenderer</Filter>
    </ClInclude>
    <ClInclude Include="PostProcessRenderer.h">
      <Filter>01. Renderer\PostProcessRenderer</Filter>
    </ClInclude>
    <ClInclude Include="SkyboxRenderer.h">
      <Filter>01. Renderer\SkyboxRenderer</Filter>
    </ClInclude>
    <ClInclude Include="FrustumRenderer.h">
      <Filter>01. Renderer\FrustumRenderer</Filter>
    </ClInclude>
    <ClInclude Include="Light.h">
      <Filter>07. Light</Filter>
    </ClInclude>
    <ClInclude Include="Environment.hpp">
      <Filter>09. Environment</Filter>
    </ClInclude>
    <ClInclude Include="Structures.hpp">
      <Filter>00. D3D</Filter>
    </ClInclude>
    <ClInclude Include="ParticleRenderer.h">
      <Filter>01. Renderer\ParticleRenderer</Filter>
    </ClInclude>
    <ClInclude Include="QuadMesh.h">
      <Filter>02. Renderable\QuadMesh</Filter>
    </ClInclude>
    <ClInclude Include="Effect.h">
      <Filter>06. Effect</Filter>
    </ClInclude>
    <ClInclude Include="Particle.hpp">
      <Filter>06. Effect</Filter>
    </ClInclude>
    <ClInclude Include="SpriteSheet.hpp">
      <Filter>06. Effect</Filter>
    </ClInclude>
  </ItemGroup>
  <ItemGroup>
    <ClCompile Include="WinApp.cpp">
      <Filter>소스 파일</Filter>
    </ClCompile>
    <ClCompile Include="pch.cpp">
      <Filter>소스 파일</Filter>
    </ClCompile>
    <ClCompile Include="Camera.cpp">
      <Filter>10. Camera</Filter>
    </ClCompile>
    <ClCompile Include="Helper.cpp">
      <Filter>99. Module</Filter>
    </ClCompile>
    <ClCompile Include="Input.cpp">
      <Filter>99. Module</Filter>
    </ClCompile>
    <ClCompile Include="Time.cpp">
      <Filter>99. Module</Filter>
    </ClCompile>
    <ClCompile Include="StaticModel.cpp">
      <Filter>02. Renderable\Static Model</Filter>
    </ClCompile>
    <ClCompile Include="StaticSubMesh.cpp">
      <Filter>02. Renderable\Static Model</Filter>
    </ClCompile>
    <ClCompile Include="Material.cpp">
      <Filter>04. Material</Filter>
    </ClCompile>
    <ClCompile Include="RigidModel.cpp">
      <Filter>02. Renderable\Rigid Model</Filter>
    </ClCompile>
    <ClCompile Include="RigidSubMesh.cpp">
      <Filter>02. Renderable\Rigid Model</Filter>
    </ClCompile>
    <ClCompile Include="AnimationClip.cpp">
      <Filter>05. Animation</Filter>
    </ClCompile>
    <ClCompile Include="SkeletalModel.cpp">
      <Filter>02. Renderable\Skeletal Model</Filter>
    </ClCompile>
    <ClCompile Include="SkeletalSubMesh.cpp">
      <Filter>02. Renderable\Skeletal Model</Filter>
    </ClCompile>
    <ClCompile Include="SkyBox.cpp">
      <Filter>02. Renderable\SkyBox</Filter>
    </ClCompile>
    <ClCompile Include="AssetManager.cpp">
      <Filter>11. Resource Manager\AssetManager</Filter>
    </ClCompile>
    <ClCompile Include="ModelLoader.cpp">
      <Filter>11. Resource Manager\ModelLoader</Filter>
    </ClCompile>
    <ClCompile Include="MemoryDebugger.cpp">
      <Filter>12. Debugger\MemoryDebugger</Filter>
    </ClCompile>
    <ClCompile Include="DebugDraw.cpp">
      <Filter>12. Debugger\DebugDraw</Filter>
    </ClCompile>
    <ClCompile Include="LightVolumeMesh.cpp">
      <Filter>02. Renderable\LightVolumeMesh</Filter>
    </ClCompile>
    <ClCompile Include="DirectionalShadowCamera.cpp">
      <Filter>08. Shadow</Filter>
    </ClCompile>
    <ClCompile Include="LightRenderer.cpp">
      <Filter>01. Renderer\LightRenderer</Filter>
    </ClCompile>
    <ClCompile Include="D3D.cpp">
      <Filter>00. D3D</Filter>
    </ClCompile>
    <ClCompile Include="ShadowRenderer.cpp">
      <Filter>01. Renderer\ShadowRenderer</Filter>
    </ClCompile>
    <ClCompile Include="GeometryRenderer.cpp">
      <Filter>01. Renderer\GeometryRenderer</Filter>
    </ClCompile>
    <ClCompile Include="BloomRenderer.cpp">
      <Filter>01. Renderer\BloomRenderer</Filter>
    </ClCompile>
    <ClCompile Include="PostProcessRenderer.cpp">
      <Filter>01. Renderer\PostProcessRenderer</Filter>
    </ClCompile>
    <ClCompile Include="SkyboxRenderer.cpp">
      <Filter>01. Renderer\SkyboxRenderer</Filter>
    </ClCompile>
    <ClCompile Include="FrustumRenderer.cpp">
      <Filter>01. Renderer\FrustumRenderer</Filter>
    </ClCompile>
    <ClCompile Include="Light.cpp">
      <Filter>07. Light</Filter>
    </ClCompile>
    <ClCompile Include="ParticleRenderer.cpp">
      <Filter>01. Renderer\ParticleRenderer</Filter>
    </ClCompile>
    <ClCompile Include="QuadMesh.cpp">
      <Filter>02. Renderable\QuadMesh</Filter>
    </ClCompile>
    <ClCompile Include="Effect.cpp">
      <Filter>06. Effect</Filter>
    </ClCompile>
  </ItemGroup>
  <ItemGroup>
    <FxCompile Include="PS_Skybox.hlsl">
      <Filter>98. Shaders\PixelShader</Filter>
    </FxCompile>
    <FxCompile Include="VS_Skybox.hlsl">
      <Filter>98. Shaders\VertexShader</Filter>
    </FxCompile>
    <FxCompile Include="PS_BlinnPhongToon.hlsl">
      <Filter>98. Shaders\PixelShader</Filter>
    </FxCompile>
    <FxCompile Include="VS_BaseLit_Skinned.hlsl">
      <Filter>98. Shaders\VertexShader</Filter>
    </FxCompile>
    <FxCompile Include="VS_BaseLit_Static.hlsl">
      <Filter>98. Shaders\VertexShader</Filter>
    </FxCompile>
    <FxCompile Include="PS_OutLine.hlsl">
      <Filter>98. Shaders\PixelShader</Filter>
    </FxCompile>
    <FxCompile Include="VS_Skinned_OutLine.hlsl">
      <Filter>98. Shaders\VertexShader</Filter>
    </FxCompile>
    <FxCompile Include="VS_ShadowDepth_Skinned.hlsl">
      <Filter>98. Shaders\VertexShader</Filter>
    </FxCompile>
    <FxCompile Include="PS_BlinnPhong.hlsl">
      <Filter>98. Shaders\PixelShader</Filter>
    </FxCompile>
    <FxCompile Include="VS_ShadowDepth_Static.hlsl">
      <Filter>98. Shaders\VertexShader</Filter>
    </FxCompile>
    <FxCompile Include="VS_Fullscreen.hlsl">
      <Filter>98. Shaders\VertexShader</Filter>
    </FxCompile>
    <FxCompile Include="PS_PostProcess.hlsl">
      <Filter>98. Shaders\PixelShader</Filter>
    </FxCompile>
    <FxCompile Include="PS_ShadowDepth.hlsl">
      <Filter>98. Shaders\PixelShader</Filter>
    </FxCompile>
    <FxCompile Include="PS_PBR.hlsl">
      <Filter>98. Shaders\PixelShader</Filter>
    </FxCompile>
    <FxCompile Include="PS_BloomUpsampleCombine.hlsl">
      <Filter>98. Shaders\PixelShader</Filter>
    </FxCompile>
    <FxCompile Include="PS_BloomDownsampleBlur.hlsl">
      <Filter>98. Shaders\PixelShader</Filter>
    </FxCompile>
    <FxCompile Include="PS_BloomPrefilter.hlsl">
      <Filter>98. Shaders\PixelShader</Filter>
    </FxCompile>
    <FxCompile Include="PS_DeferredLighting.hlsl">
      <Filter>98. Shaders\PixelShader</Filter>
    </FxCompile>
    <FxCompile Include="PS_Gbuffer.hlsl">
      <Filter>98. Shaders\PixelShader</Filter>
    </FxCompile>
    <FxCompile Include="VS_LightVolume.hlsl">
      <Filter>98. Shaders\VertexShader</Filter>
    </FxCompile>
    <FxCompile Include="VS_Effect.hlsl">
      <Filter>98. Shaders\VertexShader</Filter>
    </FxCompile>
  </ItemGroup>
  <ItemGroup>
    <None Include="shared.fxh">
      <Filter>98. Shaders</Filter>
    </None>
    <None Include="PBR_Common.fxh">
      <Filter>98. Shaders</Filter>
    </None>
    <None Include="PostFxCommon.fxh">
      <Filter>98. Shaders</Filter>
    </None>
  </ItemGroup>
</Project>