<?xml version="1.0" encoding="utf-8"?>
<Project ToolsVersion="4.0" xmlns="http://schemas.microsoft.com/developer/msbuild/2003">
  <ItemGroup>
    <Filter Include="소스 파일">
      <UniqueIdentifier>{4FC737F1-C7A5-4376-A066-2A32D752A2FF}</UniqueIdentifier>
      <Extensions>cpp;c;cc;cxx;c++;cppm;ixx;def;odl;idl;hpj;bat;asm;asmx</Extensions>
    </Filter>
    <Filter Include="헤더 파일">
      <UniqueIdentifier>{93995380-89BD-4b04-88EB-625FBE52EBFB}</UniqueIdentifier>
      <Extensions>h;hh;hpp;hxx;h++;hm;inl;inc;ipp;xsd</Extensions>
    </Filter>
    <Filter Include="리소스 파일">
      <UniqueIdentifier>{67DA6AB6-F800-4c08-8B7A-83BB121AAD01}</UniqueIdentifier>
      <Extensions>rc;ico;cur;bmp;dlg;rc2;rct;bin;rgs;gif;jpg;jpeg;jpe;resx;tiff;tif;png;wav;mfcribbon-ms</Extensions>
    </Filter>
    <Filter Include="Shader">
      <UniqueIdentifier>{19a452ca-5f82-46f9-8439-e46028dd82cd}</UniqueIdentifier>
    </Filter>
    <Filter Include="Skybox">
      <UniqueIdentifier>{0dc2a8f3-49ca-43b9-92a0-6e4123e34a0f}</UniqueIdentifier>
    </Filter>
    <Filter Include="Light">
      <UniqueIdentifier>{eed3f1cd-d26d-4f2c-9207-c3c3f0b55589}</UniqueIdentifier>
    </Filter>
    <Filter Include="Cube">
      <UniqueIdentifier>{5e575f6f-0997-4777-97d5-78b0bf63acf5}</UniqueIdentifier>
    </Filter>
  </ItemGroup>
  <ItemGroup>
    <ClCompile Include="main.cpp">
      <Filter>소스 파일</Filter>
    </ClCompile>
    <ClCompile Include="App.cpp">
      <Filter>소스 파일</Filter>
    </ClCompile>
    <ClCompile Include="Skybox.cpp">
      <Filter>Skybox</Filter>
    </ClCompile>
    <ClCompile Include="Cube.cpp">
      <Filter>Cube</Filter>
    </ClCompile>
    <ClCompile Include="DirectionalLight.cpp">
      <Filter>Light</Filter>
    </ClCompile>
  </ItemGroup>
  <ItemGroup>
    <ClInclude Include="App.h">
      <Filter>헤더 파일</Filter>
    </ClInclude>
    <ClInclude Include="Skybox.h">
      <Filter>Skybox</Filter>
    </ClInclude>
    <ClInclude Include="Cube.h">
      <Filter>Cube</Filter>
    </ClInclude>
    <ClInclude Include="DirectionalLight.h">
      <Filter>Light</Filter>
    </ClInclude>
  </ItemGroup>
  <ItemGroup>
    <FxCompile Include="PixelShader.hlsl">
      <Filter>Shader</Filter>
    </FxCompile>
    <FxCompile Include="Skybox_PS.hlsl">
      <Filter>Shader</Filter>
    </FxCompile>
    <FxCompile Include="Skybox_VS.hlsl">
      <Filter>Shader</Filter>
    </FxCompile>
    <FxCompile Include="VertexShader.hlsl">
      <Filter>Shader</Filter>
    </FxCompile>
  </ItemGroup>
</Project>